
Microsoft Visual Studio Solution File, Format Version 12.00
# Visual Studio Version 16
VisualStudioVersion = 16.0.31321.278
MinimumVisualStudioVersion = 10.0.40219.1
Project("{FAE04EC0-301F-11D3-BF4B-00C04F79EFBC}") = "SmartAcademy_ISchool_Assignment", "SmartAcademy_ISchool_Assignment\SmartAcademy_ISchool_Assignment.csproj", "{98B31F07-5CFF-4F12-931C-17AB807A9967}"
EndProject
Global
	GlobalSection(SolutionConfigurationPlatforms) = preSolution
		Debug|Any CPU = Debug|Any CPU
		Release|Any CPU = Release|Any CPU
	EndGlobalSection
	GlobalSection(ProjectConfigurationPlatforms) = postSolution
		{98B31F07-5CFF-4F12-931C-17AB807A9967}.Debug|Any CPU.ActiveCfg = Debug|Any CPU
		{98B31F07-5CFF-4F12-931C-17AB807A9967}.Debug|Any CPU.Build.0 = Debug|Any CPU
		{98B31F07-5CFF-4F12-931C-17AB807A9967}.Release|Any CPU.ActiveCfg = Release|Any CPU
		{98B31F07-5CFF-4F12-931C-17AB807A9967}.Release|Any CPU.Build.0 = Release|Any CPU
	EndGlobalSection
	GlobalSection(SolutionProperties) = preSolution
		HideSolutionNode = FALSE
	EndGlobalSection
	GlobalSection(ExtensibilityGlobals) = postSolution
		SolutionGuid = {3CA286A2-8108-460B-870A-9D7B3D9CAEA4}
	EndGlobalSection
EndGlobal
